<?xml version="1.0" encoding="utf-8"?>
<Project ToolsVersion="4.0" xmlns="http://schemas.microsoft.com/developer/msbuild/2003">
  <ItemGroup>
    <ClCompile Include="main.cpp" />
    <ClCompile Include="Source.cpp" />
    <ClCompile Include="node.cpp">
      <Filter>source</Filter>
    </ClCompile>
    <ClCompile Include="sprite.cpp">
      <Filter>source</Filter>
    </ClCompile>
    <ClCompile Include="test.cpp">
      <Filter>source</Filter>
    </ClCompile>
    <ClCompile Include="grasspatch.cpp">
      <Filter>source</Filter>
    </ClCompile>
    <ClCompile Include="nodecounter.cpp">
      <Filter>source</Filter>
    </ClCompile>
    <ClCompile Include="sceneManager.cpp">
      <Filter>source</Filter>
    </ClCompile>
    <ClCompile Include="gun.cpp">
      <Filter>source</Filter>
    </ClCompile>
  </ItemGroup>
  <ItemGroup>
    <Filter Include="header">
      <UniqueIdentifier>{26828bd5-7ecd-4cb7-a7ae-4ca391939bbf}</UniqueIdentifier>
    </Filter>
    <Filter Include="source">
      <UniqueIdentifier>{1e7be1e9-3ece-4bec-a413-3c322c0675a4}</UniqueIdentifier>
    </Filter>
  </ItemGroup>
  <ItemGroup>
    <ClInclude Include="test.h">
      <Filter>header</Filter>
    </ClInclude>
    <ClInclude Include="sprite.h">
      <Filter>header</Filter>
    </ClInclude>
    <ClInclude Include="node.h">
      <Filter>header</Filter>
    </ClInclude>
    <ClInclude Include="grasspatch.h">
      <Filter>header</Filter>
    </ClInclude>
    <ClInclude Include="nodecounter.h">
      <Filter>header</Filter>
    </ClInclude>
    <ClInclude Include="sceneManager.h">
      <Filter>header</Filter>
    </ClInclude>
    <ClInclude Include="gun.h">
      <Filter>header</Filter>
    </ClInclude>
  </ItemGroup>
</Project>